{
  "name": "text-keyword-extractor",
  "version": "1.0.0",
  "lockfileVersion": 3,
  "requires": true,
  "author": "Your Name",
  "description": "Extract keywords from text content",
  "keywords": [
    "keywords",
    "extraction",
    "text-processing",
    "nlp"
  ],
  "license": "MIT",
  "main": "src/index.js",
  "packages": {
    "": {
      "name": "text-keyword-extractor",
      "version": "1.0.0",
      "license": "MIT"
    }
  },
  "devDependencies": {
    "jest": "^29.0.0"
  },
  "scripts": {
    "test": "jest"
  }
}
